
Microsoft Visual Studio Solution File, Format Version 12.00
# Visual Studio 15
VisualStudioVersion = 15.0.28307.136
MinimumVisualStudioVersion = 10.0.40219.1
Project("{FAE04EC0-301F-11D3-BF4B-00C04F79EFBC}") = "RomanNumeralKata", "src\RomanNumeralKata\RomanNumeralKata.csproj", "{751AFC13-2781-4856-9275-04BD1442EB3A}"
EndProject
Project("{2150E333-8FDC-42A3-9474-1A3956D46DE8}") = "Solution Items", "Solution Items", "{62660CCA-7FB0-4615-A705-D16849A6C2B5}"
	ProjectSection(SolutionItems) = preProject
		README.md = README.md
	EndProjectSection
EndProject
Project("{FAE04EC0-301F-11D3-BF4B-00C04F79EFBC}") = "RomanNumeralKata.UnitTests", "tests\RomanNumeralKata.UnitTests\RomanNumeralKata.UnitTests.csproj", "{FB4010DE-D245-4CFF-AC2B-FF8DDB3ED659}"
EndProject
Global
	GlobalSection(SolutionConfigurationPlatforms) = preSolution
		Debug|Any CPU = Debug|Any CPU
		Release|Any CPU = Release|Any CPU
	EndGlobalSection
	GlobalSection(ProjectConfigurationPlatforms) = postSolution
		{751AFC13-2781-4856-9275-04BD1442EB3A}.Debug|Any CPU.ActiveCfg = Debug|Any CPU
		{751AFC13-2781-4856-9275-04BD1442EB3A}.Debug|Any CPU.Build.0 = Debug|Any CPU
		{751AFC13-2781-4856-9275-04BD1442EB3A}.Release|Any CPU.ActiveCfg = Release|Any CPU
		{751AFC13-2781-4856-9275-04BD1442EB3A}.Release|Any CPU.Build.0 = Release|Any CPU
		{FB4010DE-D245-4CFF-AC2B-FF8DDB3ED659}.Debug|Any CPU.ActiveCfg = Debug|Any CPU
		{FB4010DE-D245-4CFF-AC2B-FF8DDB3ED659}.Debug|Any CPU.Build.0 = Debug|Any CPU
		{FB4010DE-D245-4CFF-AC2B-FF8DDB3ED659}.Release|Any CPU.ActiveCfg = Release|Any CPU
		{FB4010DE-D245-4CFF-AC2B-FF8DDB3ED659}.Release|Any CPU.Build.0 = Release|Any CPU
	EndGlobalSection
	GlobalSection(SolutionProperties) = preSolution
		HideSolutionNode = FALSE
	EndGlobalSection
	GlobalSection(ExtensibilityGlobals) = postSolution
		SolutionGuid = {42129573-6FE2-46BB-B099-1A3A1E309D2C}
	EndGlobalSection
EndGlobal
